<?xml version="1.0" encoding="utf-8"?>
<Project ToolsVersion="4.0" xmlns="http://schemas.microsoft.com/developer/msbuild/2003">
  <ItemGroup>
    <Filter Include="Fichiers sources">
      <UniqueIdentifier>{4FC737F1-C7A5-4376-A066-2A32D752A2FF}</UniqueIdentifier>
      <Extensions>cpp;c;cc;cxx;c++;cppm;ixx;def;odl;idl;hpj;bat;asm;asmx</Extensions>
    </Filter>
    <Filter Include="Fichiers d%27en-tête">
      <UniqueIdentifier>{93995380-89BD-4b04-88EB-625FBE52EBFB}</UniqueIdentifier>
      <Extensions>h;hh;hpp;hxx;h++;hm;inl;inc;ipp;xsd</Extensions>
    </Filter>
    <Filter Include="Fichiers de ressources">
      <UniqueIdentifier>{67DA6AB6-F800-4c08-8B7A-83BB121AAD01}</UniqueIdentifier>
      <Extensions>rc;ico;cur;bmp;dlg;rc2;rct;bin;rgs;gif;jpg;jpeg;jpe;resx;tiff;tif;png;wav;mfcribbon-ms</Extensions>
    </Filter>
    <Filter Include="Weapons">
      <UniqueIdentifier>{1b1f937d-1a57-4a9b-9d0a-82574878df15}</UniqueIdentifier>
    </Filter>
    <Filter Include="Characters">
      <UniqueIdentifier>{ae92edda-84e2-4f2e-8217-a34dcb8c2eba}</UniqueIdentifier>
    </Filter>
    <Filter Include="Game">
      <UniqueIdentifier>{5cbd8273-2331-4e65-a042-9b22ab672149}</UniqueIdentifier>
    </Filter>
  </ItemGroup>
  <ItemGroup>
    <ClCompile Include="main.cpp" />
    <ClCompile Include="Character.cpp">
      <Filter>Characters</Filter>
    </ClCompile>
    <ClCompile Include="Knife.cpp">
      <Filter>Weapons</Filter>
    </ClCompile>
    <ClCompile Include="Sword.cpp">
      <Filter>Weapons</Filter>
    </ClCompile>
    <ClCompile Include="Bomb.cpp">
      <Filter>Weapons</Filter>
    </ClCompile>
    <ClCompile Include="Slingshot.cpp">
      <Filter>Weapons</Filter>
    </ClCompile>
    <ClCompile Include="MagicWand.cpp">
      <Filter>Weapons</Filter>
    </ClCompile>
    <ClCompile Include="Wall.cpp">
      <Filter>Fichiers sources</Filter>
    </ClCompile>
    <ClCompile Include="Player.cpp">
      <Filter>Characters</Filter>
    </ClCompile>
    <ClCompile Include="Enemy.cpp">
      <Filter>Characters</Filter>
    </ClCompile>
    <ClCompile Include="Orc.cpp">
      <Filter>Characters</Filter>
    </ClCompile>
    <ClCompile Include="Goblin.cpp">
      <Filter>Characters</Filter>
    </ClCompile>
    <ClCompile Include="Mage.cpp">
      <Filter>Characters</Filter>
    </ClCompile>
    <ClCompile Include="Weapon.cpp">
      <Filter>Weapons</Filter>
    </ClCompile>
    <ClCompile Include="GameLogic.cpp">
      <Filter>Game</Filter>
    </ClCompile>
    <ClCompile Include="Dungeon.cpp">
      <Filter>Game</Filter>
    </ClCompile>
  </ItemGroup>
  <ItemGroup>
    <ClInclude Include="IAttack.h">
      <Filter>Weapons</Filter>
    </ClInclude>
    <ClInclude Include="Weapon.h">
      <Filter>Weapons</Filter>
    </ClInclude>
    <ClInclude Include="Knife.h">
      <Filter>Weapons</Filter>
    </ClInclude>
    <ClInclude Include="Character.h">
      <Filter>Characters</Filter>
    </ClInclude>
    <ClInclude Include="IDamageable.h">
      <Filter>Characters</Filter>
    </ClInclude>
    <ClInclude Include="Wall.h">
      <Filter>Fichiers d%27en-tête</Filter>
    </ClInclude>
    <ClInclude Include="Sword.h">
      <Filter>Weapons</Filter>
    </ClInclude>
    <ClInclude Include="Bomb.h">
      <Filter>Weapons</Filter>
    </ClInclude>
    <ClInclude Include="Slingshot.h">
      <Filter>Weapons</Filter>
    </ClInclude>
    <ClInclude Include="MagicWand.h">
      <Filter>Weapons</Filter>
    </ClInclude>
    <ClInclude Include="Player.h">
      <Filter>Characters</Filter>
    </ClInclude>
    <ClInclude Include="Enemy.h">
      <Filter>Characters</Filter>
    </ClInclude>
    <ClInclude Include="Orc.h">
      <Filter>Characters</Filter>
    </ClInclude>
    <ClInclude Include="Goblin.h">
      <Filter>Characters</Filter>
    </ClInclude>
    <ClInclude Include="Mage.h">
      <Filter>Characters</Filter>
    </ClInclude>
    <ClInclude Include="WeaponType.h">
      <Filter>Weapons</Filter>
    </ClInclude>
    <ClInclude Include="EnemyType.h">
      <Filter>Characters</Filter>
    </ClInclude>
    <ClInclude Include="GameLogic.h">
      <Filter>Game</Filter>
    </ClInclude>
    <ClInclude Include="Dungeon.h">
      <Filter>Game</Filter>
    </ClInclude>
  </ItemGroup>
</Project>